
Microsoft Visual Studio Solution File, Format Version 12.00
# Visual Studio Version 17
VisualStudioVersion = 17.0.31903.59
MinimumVisualStudioVersion = 10.0.40219.1
Project("{9A19103F-16F7-4668-BE54-9A1E7A4F7556}") = "CommandsService", "CommandsService.csproj", "{AB24B162-9854-463A-B92C-0BF81B085770}"
EndProject
Global
	GlobalSection(SolutionConfigurationPlatforms) = preSolution
		Debug|Any CPU = Debug|Any CPU
		Release|Any CPU = Release|Any CPU
	EndGlobalSection
	GlobalSection(ProjectConfigurationPlatforms) = postSolution
		{AB24B162-9854-463A-B92C-0BF81B085770}.Debug|Any CPU.ActiveCfg = Debug|Any CPU
		{AB24B162-9854-463A-B92C-0BF81B085770}.Debug|Any CPU.Build.0 = Debug|Any CPU
		{AB24B162-9854-463A-B92C-0BF81B085770}.Release|Any CPU.ActiveCfg = Release|Any CPU
		{AB24B162-9854-463A-B92C-0BF81B085770}.Release|Any CPU.Build.0 = Release|Any CPU
	EndGlobalSection
	GlobalSection(SolutionProperties) = preSolution
		HideSolutionNode = FALSE
	EndGlobalSection
	GlobalSection(ExtensibilityGlobals) = postSolution
		SolutionGuid = {0BA5C6AD-5D3D-4BE6-AACB-8B51541E4DC2}
	EndGlobalSection
EndGlobal
